
Microsoft Visual Studio Solution File, Format Version 12.00
Project("{FAE04EC0-301F-11D3-BF4B-00C04F79EFBC}") = "Vera.CMS", "Vera.CMS\Vera.CMS.csproj", "{F124D3E9-B34F-414C-9823-8429B8192D0C}"
EndProject
Project("{FAE04EC0-301F-11D3-BF4B-00C04F79EFBC}") = "Vera.CMS.Test", "Vera.CMS.Test\Vera.CMS.Test.csproj", "{160AD36D-1E4C-4EF8-AB9F-15E2A9C5E389}"
EndProject
Global
	GlobalSection(SolutionConfigurationPlatforms) = preSolution
		Debug|Any CPU = Debug|Any CPU
		Release|Any CPU = Release|Any CPU
	EndGlobalSection
	GlobalSection(ProjectConfigurationPlatforms) = postSolution
		{F124D3E9-B34F-414C-9823-8429B8192D0C}.Debug|Any CPU.ActiveCfg = Debug|Any CPU
		{F124D3E9-B34F-414C-9823-8429B8192D0C}.Debug|Any CPU.Build.0 = Debug|Any CPU
		{F124D3E9-B34F-414C-9823-8429B8192D0C}.Release|Any CPU.ActiveCfg = Release|Any CPU
		{F124D3E9-B34F-414C-9823-8429B8192D0C}.Release|Any CPU.Deploy.0 = Release|Any CPU
		{F124D3E9-B34F-414C-9823-8429B8192D0C}.Release|Any CPU.Build.0 = Release|Any CPU
		{160AD36D-1E4C-4EF8-AB9F-15E2A9C5E389}.Debug|Any CPU.ActiveCfg = Debug|Any CPU
		{160AD36D-1E4C-4EF8-AB9F-15E2A9C5E389}.Debug|Any CPU.Build.0 = Debug|Any CPU
		{160AD36D-1E4C-4EF8-AB9F-15E2A9C5E389}.Release|Any CPU.ActiveCfg = Release|Any CPU
		{160AD36D-1E4C-4EF8-AB9F-15E2A9C5E389}.Release|Any CPU.Build.0 = Release|Any CPU
	EndGlobalSection
	GlobalSection(SolutionProperties) = preSolution
		HideSolutionNode = FALSE
	EndGlobalSection
	GlobalSection(ExtensibilityGlobals) = postSolution
		SolutionGuid = {E012AE44-259A-410B-ACAF-81630C1FEE22}
	EndGlobalSection
EndGlobal
